
Microsoft Visual Studio Solution File, Format Version 12.00
# Visual Studio Version 16
VisualStudioVersion = 16.0.29409.12
MinimumVisualStudioVersion = 10.0.40219.1
Project("{9A19103F-16F7-4668-BE54-9A1E7A4F7556}") = "TolokaHurtom", "TolokaHurtom\TolokaHurtom.csproj", "{C40EBE04-BFD0-43A8-A3A1-DEE196F17BE3}"
EndProject
Project("{9A19103F-16F7-4668-BE54-9A1E7A4F7556}") = "HurtomBot", "HurtomBot\HurtomBot.csproj", "{3DD5136A-6D53-448C-8102-C8AC37C61E28}"
EndProject
Project("{E53339B2-1760-4266-BCC7-CA923CBCF16C}") = "docker-compose", "docker-compose.dcproj", "{7AEDE7BD-7B55-41B9-81DA-105BA306C989}"
EndProject
Project("{FAE04EC0-301F-11D3-BF4B-00C04F79EFBC}") = "HurtomBotWorker", "HurtomBotWorker\HurtomBotWorker.csproj", "{160F8E25-762F-4BBD-84C6-FCC684BBDB31}"
EndProject
Global
	GlobalSection(SolutionConfigurationPlatforms) = preSolution
		Debug|Any CPU = Debug|Any CPU
		Release|Any CPU = Release|Any CPU
	EndGlobalSection
	GlobalSection(ProjectConfigurationPlatforms) = postSolution
		{C40EBE04-BFD0-43A8-A3A1-DEE196F17BE3}.Debug|Any CPU.ActiveCfg = Debug|Any CPU
		{C40EBE04-BFD0-43A8-A3A1-DEE196F17BE3}.Debug|Any CPU.Build.0 = Debug|Any CPU
		{C40EBE04-BFD0-43A8-A3A1-DEE196F17BE3}.Release|Any CPU.ActiveCfg = Release|Any CPU
		{C40EBE04-BFD0-43A8-A3A1-DEE196F17BE3}.Release|Any CPU.Build.0 = Release|Any CPU
		{3DD5136A-6D53-448C-8102-C8AC37C61E28}.Debug|Any CPU.ActiveCfg = Debug|Any CPU
		{3DD5136A-6D53-448C-8102-C8AC37C61E28}.Debug|Any CPU.Build.0 = Debug|Any CPU
		{3DD5136A-6D53-448C-8102-C8AC37C61E28}.Release|Any CPU.ActiveCfg = Release|Any CPU
		{3DD5136A-6D53-448C-8102-C8AC37C61E28}.Release|Any CPU.Build.0 = Release|Any CPU
		{7AEDE7BD-7B55-41B9-81DA-105BA306C989}.Debug|Any CPU.ActiveCfg = Debug|Any CPU
		{7AEDE7BD-7B55-41B9-81DA-105BA306C989}.Debug|Any CPU.Build.0 = Debug|Any CPU
		{7AEDE7BD-7B55-41B9-81DA-105BA306C989}.Release|Any CPU.ActiveCfg = Release|Any CPU
		{7AEDE7BD-7B55-41B9-81DA-105BA306C989}.Release|Any CPU.Build.0 = Release|Any CPU
		{160F8E25-762F-4BBD-84C6-FCC684BBDB31}.Debug|Any CPU.ActiveCfg = Debug|Any CPU
		{160F8E25-762F-4BBD-84C6-FCC684BBDB31}.Debug|Any CPU.Build.0 = Debug|Any CPU
		{160F8E25-762F-4BBD-84C6-FCC684BBDB31}.Release|Any CPU.ActiveCfg = Release|Any CPU
		{160F8E25-762F-4BBD-84C6-FCC684BBDB31}.Release|Any CPU.Build.0 = Release|Any CPU
	EndGlobalSection
	GlobalSection(SolutionProperties) = preSolution
		HideSolutionNode = FALSE
	EndGlobalSection
	GlobalSection(ExtensibilityGlobals) = postSolution
		SolutionGuid = {A7FE76B8-DB16-480F-97B0-F590DAB693EA}
	EndGlobalSection
EndGlobal
